<?xml version="1.0" encoding="utf-8"?>
<Project ToolsVersion="4.0" xmlns="http://schemas.microsoft.com/developer/msbuild/2003">
  <ItemGroup>
    <Filter Include="Headers">
      <UniqueIdentifier>{b34314d8-4c9f-4a7d-ae48-f2f5e3d783b6}</UniqueIdentifier>
    </Filter>
    <Filter Include="Lib">
      <UniqueIdentifier>{983490c7-8486-4c78-9811-71ef005a4f66}</UniqueIdentifier>
    </Filter>
    <Filter Include="class">
      <UniqueIdentifier>{990c3815-121a-4670-8a1e-270826f54537}</UniqueIdentifier>
    </Filter>
    <Filter Include="class\Object">
      <UniqueIdentifier>{ec1824b0-c0fb-4b9a-b09e-730831705382}</UniqueIdentifier>
    </Filter>
    <Filter Include="class\Object\Player">
      <UniqueIdentifier>{6ad03cb2-d8d6-462d-b909-d1659cef8b86}</UniqueIdentifier>
    </Filter>
    <Filter Include="Collision">
      <UniqueIdentifier>{065c6bf7-8c95-418b-a41e-4ce217bfd746}</UniqueIdentifier>
    </Filter>
    <Filter Include="class\Object\Gimmick">
      <UniqueIdentifier>{c43ba1a2-1d3e-4b60-845f-e36e4cfbeb06}</UniqueIdentifier>
    </Filter>
    <Filter Include="class\Object\Gimmick\Wall">
      <UniqueIdentifier>{13296d51-f858-43f8-9231-fba891e8760e}</UniqueIdentifier>
    </Filter>
    <Filter Include="class\Object\Gimmick\Warp">
      <UniqueIdentifier>{54438ae5-8d27-4282-b90c-65cb306bd6f9}</UniqueIdentifier>
    </Filter>
    <Filter Include="class\Object\Gimmick\Water">
      <UniqueIdentifier>{2a034116-12f1-4df7-876e-c1903c50ca57}</UniqueIdentifier>
    </Filter>
    <Filter Include="class\Object\Gimmick\Cannon">
      <UniqueIdentifier>{9bcf56bb-62d6-42ee-88bb-7ecce9208535}</UniqueIdentifier>
    </Filter>
    <Filter Include="class\Object\Gimmick\Gravity">
      <UniqueIdentifier>{ec68fece-b571-48d7-8e40-3b664cb83dd5}</UniqueIdentifier>
    </Filter>
    <Filter Include="class\Object\Gimmick\Stage">
      <UniqueIdentifier>{c812a71b-9ee6-4634-95c2-f62d5ccfdd4b}</UniqueIdentifier>
    </Filter>
  </ItemGroup>
  <ItemGroup>
    <ClInclude Include="src\lib\appEnv.hpp">
      <Filter>Headers</Filter>
    </ClInclude>
    <ClInclude Include="src\lib\audio.hpp">
      <Filter>Headers</Filter>
    </ClInclude>
    <ClInclude Include="src\lib\camera2D.hpp">
      <Filter>Headers</Filter>
    </ClInclude>
    <ClInclude Include="src\lib\defines.hpp">
      <Filter>Headers</Filter>
    </ClInclude>
    <ClInclude Include="src\lib\fileUtil.hpp">
      <Filter>Headers</Filter>
    </ClInclude>
    <ClInclude Include="src\lib\font.hpp">
      <Filter>Headers</Filter>
    </ClInclude>
    <ClInclude Include="src\lib\framework.hpp">
      <Filter>Headers</Filter>
    </ClInclude>
    <ClInclude Include="src\lib\gamePad.hpp">
      <Filter>Headers</Filter>
    </ClInclude>
    <ClInclude Include="src\lib\glExt.hpp">
      <Filter>Headers</Filter>
    </ClInclude>
    <ClInclude Include="src\lib\glfwWindow.hpp">
      <Filter>Headers</Filter>
    </ClInclude>
    <ClInclude Include="src\lib\glTexture.hpp">
      <Filter>Headers</Filter>
    </ClInclude>
    <ClInclude Include="src\lib\graph.hpp">
      <Filter>Headers</Filter>
    </ClInclude>
    <ClInclude Include="src\lib\matrix.hpp">
      <Filter>Headers</Filter>
    </ClInclude>
    <ClInclude Include="src\lib\os.hpp">
      <Filter>Headers</Filter>
    </ClInclude>
    <ClInclude Include="src\lib\os_osx.hpp">
      <Filter>Headers</Filter>
    </ClInclude>
    <ClInclude Include="src\lib\os_win.hpp">
      <Filter>Headers</Filter>
    </ClInclude>
    <ClInclude Include="src\lib\png.hpp">
      <Filter>Headers</Filter>
    </ClInclude>
    <ClInclude Include="src\lib\random.hpp">
      <Filter>Headers</Filter>
    </ClInclude>
    <ClInclude Include="src\lib\streaming.hpp">
      <Filter>Headers</Filter>
    </ClInclude>
    <ClInclude Include="src\lib\streamWav.hpp">
      <Filter>Headers</Filter>
    </ClInclude>
    <ClInclude Include="src\lib\texture.hpp">
      <Filter>Headers</Filter>
    </ClInclude>
    <ClInclude Include="src\lib\utils.hpp">
      <Filter>Headers</Filter>
    </ClInclude>
    <ClInclude Include="src\lib\vector.hpp">
      <Filter>Headers</Filter>
    </ClInclude>
    <ClInclude Include="src\lib\wav.hpp">
      <Filter>Headers</Filter>
    </ClInclude>
    <ClInclude Include="src\ScreenMake.h">
      <Filter>class</Filter>
    </ClInclude>
    <ClInclude Include="src\SceneManager.h">
      <Filter>class</Filter>
    </ClInclude>
    <ClInclude Include="src\Object.h">
      <Filter>class\Object</Filter>
    </ClInclude>
    <ClInclude Include="src\Player.h">
      <Filter>class\Object\Player</Filter>
    </ClInclude>
    <ClInclude Include="src\Collision.h">
      <Filter>Collision</Filter>
    </ClInclude>
    <ClInclude Include="src\Gimmick.h">
      <Filter>class\Object\Gimmick</Filter>
    </ClInclude>
    <ClInclude Include="src\Gravity.h">
      <Filter>class\Object</Filter>
    </ClInclude>
    <ClInclude Include="src\GWall.h">
      <Filter>class\Object\Gimmick\Wall</Filter>
    </ClInclude>
  </ItemGroup>
  <ItemGroup>
    <ClCompile Include="src\lib\appEnv.cpp">
      <Filter>Lib</Filter>
    </ClCompile>
    <ClCompile Include="src\lib\audio.cpp">
      <Filter>Lib</Filter>
    </ClCompile>
    <ClCompile Include="src\lib\camera2D.cpp">
      <Filter>Lib</Filter>
    </ClCompile>
    <ClCompile Include="src\lib\fileUtil.cpp">
      <Filter>Lib</Filter>
    </ClCompile>
    <ClCompile Include="src\lib\font.cpp">
      <Filter>Lib</Filter>
    </ClCompile>
    <ClCompile Include="src\lib\gamePad.cpp">
      <Filter>Lib</Filter>
    </ClCompile>
    <ClCompile Include="src\lib\glExt.cpp">
      <Filter>Lib</Filter>
    </ClCompile>
    <ClCompile Include="src\lib\glfwWindow.cpp">
      <Filter>Lib</Filter>
    </ClCompile>
    <ClCompile Include="src\lib\glTexture.cpp">
      <Filter>Lib</Filter>
    </ClCompile>
    <ClCompile Include="src\lib\graph.cpp">
      <Filter>Lib</Filter>
    </ClCompile>
    <ClCompile Include="src\lib\matrix.cpp">
      <Filter>Lib</Filter>
    </ClCompile>
    <ClCompile Include="src\lib\os_osx.cpp">
      <Filter>Lib</Filter>
    </ClCompile>
    <ClCompile Include="src\lib\os_win.cpp">
      <Filter>Lib</Filter>
    </ClCompile>
    <ClCompile Include="src\lib\png.cpp">
      <Filter>Lib</Filter>
    </ClCompile>
    <ClCompile Include="src\lib\random.cpp">
      <Filter>Lib</Filter>
    </ClCompile>
    <ClCompile Include="src\lib\streaming.cpp">
      <Filter>Lib</Filter>
    </ClCompile>
    <ClCompile Include="src\lib\streamWav.cpp">
      <Filter>Lib</Filter>
    </ClCompile>
    <ClCompile Include="src\lib\texture.cpp">
      <Filter>Lib</Filter>
    </ClCompile>
    <ClCompile Include="src\lib\utils.cpp">
      <Filter>Lib</Filter>
    </ClCompile>
    <ClCompile Include="src\lib\wav.cpp">
      <Filter>Lib</Filter>
    </ClCompile>
    <ClCompile Include="src\main.cpp" />
    <ClCompile Include="src\Player.cpp">
      <Filter>class\Object\Player</Filter>
    </ClCompile>
    <ClCompile Include="src\Collision.cpp">
      <Filter>Collision</Filter>
    </ClCompile>
    <ClCompile Include="src\Gravity.cpp">
      <Filter>class\Object</Filter>
    </ClCompile>
    <ClCompile Include="src\GWall.cpp">
      <Filter>class\Object\Gimmick\Wall</Filter>
    </ClCompile>
  </ItemGroup>
</Project>